
Microsoft Visual Studio Solution File, Format Version 12.00
# Visual Studio Version 17
VisualStudioVersion = 17.14.36310.24 d17.14
MinimumVisualStudioVersion = 10.0.40219.1
Project("{FAE04EC0-301F-11D3-BF4B-00C04F79EFBC}") = "ObserverPatternDemo", "ObserverPatternDemo.csproj", "{11734A8C-6775-4D1F-AAD0-F23DB105838D}"
EndProject
Global
	GlobalSection(SolutionConfigurationPlatforms) = preSolution
		Debug|Any CPU = Debug|Any CPU
		Release|Any CPU = Release|Any CPU
	EndGlobalSection
	GlobalSection(ProjectConfigurationPlatforms) = postSolution
		{11734A8C-6775-4D1F-AAD0-F23DB105838D}.Debug|Any CPU.ActiveCfg = Debug|Any CPU
		{11734A8C-6775-4D1F-AAD0-F23DB105838D}.Debug|Any CPU.Build.0 = Debug|Any CPU
		{11734A8C-6775-4D1F-AAD0-F23DB105838D}.Release|Any CPU.ActiveCfg = Release|Any CPU
		{11734A8C-6775-4D1F-AAD0-F23DB105838D}.Release|Any CPU.Build.0 = Release|Any CPU
	EndGlobalSection
	GlobalSection(SolutionProperties) = preSolution
		HideSolutionNode = FALSE
	EndGlobalSection
	GlobalSection(ExtensibilityGlobals) = postSolution
		SolutionGuid = {E9609019-789F-4EF8-B7E4-05506CD102CD}
	EndGlobalSection
EndGlobal
